// !$*UTF8*$!
{
	archiveVersion = 1;
	classes = {
	};
	objectVersion = 56;
	objects = {

/* Begin PBXBuildFile section */
		4A412B3A2A56B04100A6D08C /* AppNavigation.swift in Sources */ = {isa = PBXBuildFile; fileRef = 4A412B392A56B04100A6D08C /* AppNavigation.swift */; };
		4A412B3D2A56B60800A6D08C /* TickerDetailView.swift in Sources */ = {isa = PBXBuildFile; fileRef = 4A412B3C2A56B60800A6D08C /* TickerDetailView.swift */; };
		4A412B3F2A56B9D100A6D08C /* IntraDay.swift in Sources */ = {isa = PBXBuildFile; fileRef = 4A412B3E2A56B9D100A6D08C /* IntraDay.swift */; };
		4A412B412A56BA9700A6D08C /* TickerDetailViewModel.swift in Sources */ = {isa = PBXBuildFile; fileRef = 4A412B402A56BA9700A6D08C /* TickerDetailViewModel.swift */; };
		4A8C42AE2A52BA9600446330 /* StockAppApp.swift in Sources */ = {isa = PBXBuildFile; fileRef = 4A8C42AD2A52BA9600446330 /* StockAppApp.swift */; };
		4A8C42B22A52BA9600446330 /* ContentView.swift in Sources */ = {isa = PBXBuildFile; fileRef = 4A8C42B12A52BA9600446330 /* ContentView.swift */; };
		4A8C42B42A52BA9800446330 /* Assets.xcassets in Resources */ = {isa = PBXBuildFile; fileRef = 4A8C42B32A52BA9800446330 /* Assets.xcassets */; };
		4A8C42B82A52BA9800446330 /* Preview Assets.xcassets in Resources */ = {isa = PBXBuildFile; fileRef = 4A8C42B72A52BA9800446330 /* Preview Assets.xcassets */; };
		4A8C42C02A52C38800446330 /* Ticker.swift in Sources */ = {isa = PBXBuildFile; fileRef = 4A8C42BF2A52C38800446330 /* Ticker.swift */; };
		4A8C42C32A5308E200446330 /* ServiceProtocol.swift in Sources */ = {isa = PBXBuildFile; fileRef = 4A8C42C22A5308E200446330 /* ServiceProtocol.swift */; };
		4A8C42C62A53098B00446330 /* SearchSym.swift in Sources */ = {isa = PBXBuildFile; fileRef = 4A8C42C52A53098B00446330 /* SearchSym.swift */; };
		4A8C42C82A530A3A00446330 /* StockService.swift in Sources */ = {isa = PBXBuildFile; fileRef = 4A8C42C72A530A3A00446330 /* StockService.swift */; };
		4A8C42CC2A530B2200446330 /* Helper.swift in Sources */ = {isa = PBXBuildFile; fileRef = 4A8C42CB2A530B2200446330 /* Helper.swift */; };
		4A8C42CF2A530E0B00446330 /* TickerViewModel.swift in Sources */ = {isa = PBXBuildFile; fileRef = 4A8C42CE2A530E0B00446330 /* TickerViewModel.swift */; };
		4AC545022A5DAA8B0010BE02 /* TopTraded.swift in Sources */ = {isa = PBXBuildFile; fileRef = 4AC545012A5DAA8B0010BE02 /* TopTraded.swift */; };
		4AC545042A5DAB350010BE02 /* TopSymbolsViewModel.swift in Sources */ = {isa = PBXBuildFile; fileRef = 4AC545032A5DAB350010BE02 /* TopSymbolsViewModel.swift */; };
		4ACA017A2A5D629800EAF8F1 /* TopSymbols.swift in Sources */ = {isa = PBXBuildFile; fileRef = 4ACA01792A5D629800EAF8F1 /* TopSymbols.swift */; };
/* End PBXBuildFile section */

/* Begin PBXFileReference section */
		4A412B392A56B04100A6D08C /* AppNavigation.swift */ = {isa = PBXFileReference; lastKnownFileType = sourcecode.swift; path = AppNavigation.swift; sourceTree = "<group>"; };
		4A412B3C2A56B60800A6D08C /* TickerDetailView.swift */ = {isa = PBXFileReference; lastKnownFileType = sourcecode.swift; path = TickerDetailView.swift; sourceTree = "<group>"; };
		4A412B3E2A56B9D100A6D08C /* IntraDay.swift */ = {isa = PBXFileReference; lastKnownFileType = sourcecode.swift; path = IntraDay.swift; sourceTree = "<group>"; };
		4A412B402A56BA9700A6D08C /* TickerDetailViewModel.swift */ = {isa = PBXFileReference; lastKnownFileType = sourcecode.swift; path = TickerDetailViewModel.swift; sourceTree = "<group>"; };
		4A8C42AA2A52BA9600446330 /* StockApp.app */ = {isa = PBXFileReference; explicitFileType = wrapper.application; includeInIndex = 0; path = StockApp.app; sourceTree = BUILT_PRODUCTS_DIR; };
		4A8C42AD2A52BA9600446330 /* StockAppApp.swift */ = {isa = PBXFileReference; lastKnownFileType = sourcecode.swift; path = StockAppApp.swift; sourceTree = "<group>"; };
		4A8C42B12A52BA9600446330 /* ContentView.swift */ = {isa = PBXFileReference; lastKnownFileType = sourcecode.swift; path = ContentView.swift; sourceTree = "<group>"; };
		4A8C42B32A52BA9800446330 /* Assets.xcassets */ = {isa = PBXFileReference; lastKnownFileType = folder.assetcatalog; path = Assets.xcassets; sourceTree = "<group>"; };
		4A8C42B52A52BA9800446330 /* StockApp.entitlements */ = {isa = PBXFileReference; lastKnownFileType = text.plist.entitlements; path = StockApp.entitlements; sourceTree = "<group>"; };
		4A8C42B72A52BA9800446330 /* Preview Assets.xcassets */ = {isa = PBXFileReference; lastKnownFileType = folder.assetcatalog; path = "Preview Assets.xcassets"; sourceTree = "<group>"; };
		4A8C42BF2A52C38800446330 /* Ticker.swift */ = {isa = PBXFileReference; lastKnownFileType = sourcecode.swift; path = Ticker.swift; sourceTree = "<group>"; };
		4A8C42C22A5308E200446330 /* ServiceProtocol.swift */ = {isa = PBXFileReference; lastKnownFileType = sourcecode.swift; path = ServiceProtocol.swift; sourceTree = "<group>"; };
		4A8C42C52A53098B00446330 /* SearchSym.swift */ = {isa = PBXFileReference; lastKnownFileType = sourcecode.swift; path = SearchSym.swift; sourceTree = "<group>"; };
		4A8C42C72A530A3A00446330 /* StockService.swift */ = {isa = PBXFileReference; lastKnownFileType = sourcecode.swift; path = StockService.swift; sourceTree = "<group>"; };
		4A8C42CB2A530B2200446330 /* Helper.swift */ = {isa = PBXFileReference; lastKnownFileType = sourcecode.swift; path = Helper.swift; sourceTree = "<group>"; };
		4A8C42CE2A530E0B00446330 /* TickerViewModel.swift */ = {isa = PBXFileReference; lastKnownFileType = sourcecode.swift; path = TickerViewModel.swift; sourceTree = "<group>"; };
		4AC545012A5DAA8B0010BE02 /* TopTraded.swift */ = {isa = PBXFileReference; lastKnownFileType = sourcecode.swift; path = TopTraded.swift; sourceTree = "<group>"; };
		4AC545032A5DAB350010BE02 /* TopSymbolsViewModel.swift */ = {isa = PBXFileReference; lastKnownFileType = sourcecode.swift; path = TopSymbolsViewModel.swift; sourceTree = "<group>"; };
		4ACA01792A5D629800EAF8F1 /* TopSymbols.swift */ = {isa = PBXFileReference; lastKnownFileType = sourcecode.swift; path = TopSymbols.swift; sourceTree = "<group>"; };
/* End PBXFileReference section */

/* Begin PBXFrameworksBuildPhase section */
		4A8C42A72A52BA9600446330 /* Frameworks */ = {
			isa = PBXFrameworksBuildPhase;
			buildActionMask = 2147483647;
			files = (
			);
			runOnlyForDeploymentPostprocessing = 0;
		};
/* End PBXFrameworksBuildPhase section */

/* Begin PBXGroup section */
		4A412B382A56B03200A6D08C /* Navigation */ = {
			isa = PBXGroup;
			children = (
				4A412B392A56B04100A6D08C /* AppNavigation.swift */,
			);
			path = Navigation;
			sourceTree = "<group>";
		};
		4A412B3B2A56B5EA00A6D08C /* View */ = {
			isa = PBXGroup;
			children = (
				4A412B3C2A56B60800A6D08C /* TickerDetailView.swift */,
				4ACA01792A5D629800EAF8F1 /* TopSymbols.swift */,
			);
			path = View;
			sourceTree = "<group>";
		};
		4A8C42A12A52BA9500446330 = {
			isa = PBXGroup;
			children = (
				4A8C42AC2A52BA9600446330 /* StockApp */,
				4A8C42AB2A52BA9600446330 /* Products */,
			);
			sourceTree = "<group>";
		};
		4A8C42AB2A52BA9600446330 /* Products */ = {
			isa = PBXGroup;
			children = (
				4A8C42AA2A52BA9600446330 /* StockApp.app */,
			);
			name = Products;
			sourceTree = "<group>";
		};
		4A8C42AC2A52BA9600446330 /* StockApp */ = {
			isa = PBXGroup;
			children = (
				4A412B3B2A56B5EA00A6D08C /* View */,
				4A412B382A56B03200A6D08C /* Navigation */,
				4A8C42CD2A530DEB00446330 /* ViewModel */,
				4A8C42CA2A530B1400446330 /* Helper */,
				4A8C42C92A530B0400446330 /* Protocol */,
				4A8C42C42A53097B00446330 /* Model */,
				4A8C42C12A5308C600446330 /* Services */,
				4A8C42BE2A52C36F00446330 /* Ticker Symbols */,
				4A8C42AD2A52BA9600446330 /* StockAppApp.swift */,
				4A8C42B12A52BA9600446330 /* ContentView.swift */,
				4A8C42B32A52BA9800446330 /* Assets.xcassets */,
				4A8C42B52A52BA9800446330 /* StockApp.entitlements */,
				4A8C42B62A52BA9800446330 /* Preview Content */,
			);
			path = StockApp;
			sourceTree = "<group>";
		};
		4A8C42B62A52BA9800446330 /* Preview Content */ = {
			isa = PBXGroup;
			children = (
				4A8C42B72A52BA9800446330 /* Preview Assets.xcassets */,
			);
			path = "Preview Content";
			sourceTree = "<group>";
		};
		4A8C42BE2A52C36F00446330 /* Ticker Symbols */ = {
			isa = PBXGroup;
			children = (
				4A8C42BF2A52C38800446330 /* Ticker.swift */,
			);
			path = "Ticker Symbols";
			sourceTree = "<group>";
		};
		4A8C42C12A5308C600446330 /* Services */ = {
			isa = PBXGroup;
			children = (
				4A8C42C72A530A3A00446330 /* StockService.swift */,
			);
			path = Services;
			sourceTree = "<group>";
		};
		4A8C42C42A53097B00446330 /* Model */ = {
			isa = PBXGroup;
			children = (
				4A8C42C52A53098B00446330 /* SearchSym.swift */,
				4A412B3E2A56B9D100A6D08C /* IntraDay.swift */,
				4AC545012A5DAA8B0010BE02 /* TopTraded.swift */,
			);
			path = Model;
			sourceTree = "<group>";
		};
		4A8C42C92A530B0400446330 /* Protocol */ = {
			isa = PBXGroup;
			children = (
				4A8C42C22A5308E200446330 /* ServiceProtocol.swift */,
			);
			path = Protocol;
			sourceTree = "<group>";
		};
		4A8C42CA2A530B1400446330 /* Helper */ = {
			isa = PBXGroup;
			children = (
				4A8C42CB2A530B2200446330 /* Helper.swift */,
			);
			path = Helper;
			sourceTree = "<group>";
		};
		4A8C42CD2A530DEB00446330 /* ViewModel */ = {
			isa = PBXGroup;
			children = (
				4A8C42CE2A530E0B00446330 /* TickerViewModel.swift */,
				4A412B402A56BA9700A6D08C /* TickerDetailViewModel.swift */,
				4AC545032A5DAB350010BE02 /* TopSymbolsViewModel.swift */,
			);
			path = ViewModel;
			sourceTree = "<group>";
		};
/* End PBXGroup section */

/* Begin PBXNativeTarget section */
		4A8C42A92A52BA9600446330 /* StockApp */ = {
			isa = PBXNativeTarget;
			buildConfigurationList = 4A8C42BB2A52BA9800446330 /* Build configuration list for PBXNativeTarget "StockApp" */;
			buildPhases = (
				4A8C42A62A52BA9600446330 /* Sources */,
				4A8C42A72A52BA9600446330 /* Frameworks */,
				4A8C42A82A52BA9600446330 /* Resources */,
			);
			buildRules = (
			);
			dependencies = (
			);
			name = StockApp;
			productName = StockApp;
			productReference = 4A8C42AA2A52BA9600446330 /* StockApp.app */;
			productType = "com.apple.product-type.application";
		};
/* End PBXNativeTarget section */

/* Begin PBXProject section */
		4A8C42A22A52BA9500446330 /* Project object */ = {
			isa = PBXProject;
			attributes = {
				BuildIndependentTargetsInParallel = 1;
				LastSwiftUpdateCheck = 1500;
				LastUpgradeCheck = 1500;
				TargetAttributes = {
					4A8C42A92A52BA9600446330 = {
						CreatedOnToolsVersion = 15.0;
					};
				};
			};
			buildConfigurationList = 4A8C42A52A52BA9500446330 /* Build configuration list for PBXProject "StockApp" */;
			compatibilityVersion = "Xcode 14.0";
			developmentRegion = en;
			hasScannedForEncodings = 0;
			knownRegions = (
				en,
				Base,
			);
			mainGroup = 4A8C42A12A52BA9500446330;
			productRefGroup = 4A8C42AB2A52BA9600446330 /* Products */;
			projectDirPath = "";
			projectRoot = "";
			targets = (
				4A8C42A92A52BA9600446330 /* StockApp */,
			);
		};
/* End PBXProject section */

/* Begin PBXResourcesBuildPhase section */
		4A8C42A82A52BA9600446330 /* Resources */ = {
			isa = PBXResourcesBuildPhase;
			buildActionMask = 2147483647;
			files = (
				4A8C42B82A52BA9800446330 /* Preview Assets.xcassets in Resources */,
				4A8C42B42A52BA9800446330 /* Assets.xcassets in Resources */,
			);
			runOnlyForDeploymentPostprocessing = 0;
		};
/* End PBXResourcesBuildPhase section */

/* Begin PBXSourcesBuildPhase section */
		4A8C42A62A52BA9600446330 /* Sources */ = {
			isa = PBXSourcesBuildPhase;
			buildActionMask = 2147483647;
			files = (
				4A8C42AE2A52BA9600446330 /* StockAppApp.swift in Sources */,
				4AC545022A5DAA8B0010BE02 /* TopTraded.swift in Sources */,
				4A8C42CC2A530B2200446330 /* Helper.swift in Sources */,
				4AC545042A5DAB350010BE02 /* TopSymbolsViewModel.swift in Sources */,
				4A8C42C02A52C38800446330 /* Ticker.swift in Sources */,
				4A412B412A56BA9700A6D08C /* TickerDetailViewModel.swift in Sources */,
				4A8C42B22A52BA9600446330 /* ContentView.swift in Sources */,
				4A8C42C62A53098B00446330 /* SearchSym.swift in Sources */,
				4ACA017A2A5D629800EAF8F1 /* TopSymbols.swift in Sources */,
				4A8C42C82A530A3A00446330 /* StockService.swift in Sources */,
				4A412B3A2A56B04100A6D08C /* AppNavigation.swift in Sources */,
				4A412B3F2A56B9D100A6D08C /* IntraDay.swift in Sources */,
				4A412B3D2A56B60800A6D08C /* TickerDetailView.swift in Sources */,
				4A8C42CF2A530E0B00446330 /* TickerViewModel.swift in Sources */,
				4A8C42C32A5308E200446330 /* ServiceProtocol.swift in Sources */,
			);
			runOnlyForDeploymentPostprocessing = 0;
		};
/* End PBXSourcesBuildPhase section */

/* Begin XCBuildConfiguration section */
		4A8C42B92A52BA9800446330 /* Debug */ = {
			isa = XCBuildConfiguration;
			buildSettings = {
				ALWAYS_SEARCH_USER_PATHS = NO;
				ASSETCATALOG_COMPILER_GENERATE_SWIFT_ASSET_SYMBOL_EXTENSIONS = YES;
				CLANG_ANALYZER_NONNULL = YES;
				CLANG_ANALYZER_NUMBER_OBJECT_CONVERSION = YES_AGGRESSIVE;
				CLANG_CXX_LANGUAGE_STANDARD = "gnu++20";
				CLANG_ENABLE_MODULES = YES;
				CLANG_ENABLE_OBJC_ARC = YES;
				CLANG_ENABLE_OBJC_WEAK = YES;
				CLANG_WARN_BLOCK_CAPTURE_AUTORELEASING = YES;
				CLANG_WARN_BOOL_CONVERSION = YES;
				CLANG_WARN_COMMA = YES;
				CLANG_WARN_CONSTANT_CONVERSION = YES;
				CLANG_WARN_DEPRECATED_OBJC_IMPLEMENTATIONS = YES;
				CLANG_WARN_DIRECT_OBJC_ISA_USAGE = YES_ERROR;
				CLANG_WARN_DOCUMENTATION_COMMENTS = YES;
				CLANG_WARN_EMPTY_BODY = YES;
				CLANG_WARN_ENUM_CONVERSION = YES;
				CLANG_WARN_INFINITE_RECURSION = YES;
				CLANG_WARN_INT_CONVERSION = YES;
				CLANG_WARN_NON_LITERAL_NULL_CONVERSION = YES;
				CLANG_WARN_OBJC_IMPLICIT_RETAIN_SELF = YES;
				CLANG_WARN_OBJC_LITERAL_CONVERSION = YES;
				CLANG_WARN_OBJC_ROOT_CLASS = YES_ERROR;
				CLANG_WARN_QUOTED_INCLUDE_IN_FRAMEWORK_HEADER = YES;
				CLANG_WARN_RANGE_LOOP_ANALYSIS = YES;
				CLANG_WARN_STRICT_PROTOTYPES = YES;
				CLANG_WARN_SUSPICIOUS_MOVE = YES;
				CLANG_WARN_UNGUARDED_AVAILABILITY = YES_AGGRESSIVE;
				CLANG_WARN_UNREACHABLE_CODE = YES;
				CLANG_WARN__DUPLICATE_METHOD_MATCH = YES;
				COPY_PHASE_STRIP = NO;
				DEBUG_INFORMATION_FORMAT = dwarf;
				ENABLE_STRICT_OBJC_MSGSEND = YES;
				ENABLE_TESTABILITY = YES;
				ENABLE_USER_SCRIPT_SANDBOXING = YES;
				GCC_C_LANGUAGE_STANDARD = gnu17;
				GCC_DYNAMIC_NO_PIC = NO;
				GCC_NO_COMMON_BLOCKS = YES;
				GCC_OPTIMIZATION_LEVEL = 0;
				GCC_PREPROCESSOR_DEFINITIONS = (
					"DEBUG=1",
					"$(inherited)",
				);
				GCC_WARN_64_TO_32_BIT_CONVERSION = YES;
				GCC_WARN_ABOUT_RETURN_TYPE = YES_ERROR;
				GCC_WARN_UNDECLARED_SELECTOR = YES;
				GCC_WARN_UNINITIALIZED_AUTOS = YES_AGGRESSIVE;
				GCC_WARN_UNUSED_FUNCTION = YES;
				GCC_WARN_UNUSED_VARIABLE = YES;
				IPHONEOS_DEPLOYMENT_TARGET = 17.0;
				LOCALIZATION_PREFERS_STRING_CATALOGS = YES;
				MACOSX_DEPLOYMENT_TARGET = 14.0;
				MTL_ENABLE_DEBUG_INFO = INCLUDE_SOURCE;
				MTL_FAST_MATH = YES;
				ONLY_ACTIVE_ARCH = YES;
				SWIFT_ACTIVE_COMPILATION_CONDITIONS = "DEBUG $(inherited)";
				SWIFT_OPTIMIZATION_LEVEL = "-Onone";
			};
			name = Debug;
		};
		4A8C42BA2A52BA9800446330 /* Release */ = {
			isa = XCBuildConfiguration;
			buildSettings = {
				ALWAYS_SEARCH_USER_PATHS = NO;
				ASSETCATALOG_COMPILER_GENERATE_SWIFT_ASSET_SYMBOL_EXTENSIONS = YES;
				CLANG_ANALYZER_NONNULL = YES;
				CLANG_ANALYZER_NUMBER_OBJECT_CONVERSION = YES_AGGRESSIVE;
				CLANG_CXX_LANGUAGE_STANDARD = "gnu++20";
				CLANG_ENABLE_MODULES = YES;
				CLANG_ENABLE_OBJC_ARC = YES;
				CLANG_ENABLE_OBJC_WEAK = YES;
				CLANG_WARN_BLOCK_CAPTURE_AUTORELEASING = YES;
				CLANG_WARN_BOOL_CONVERSION = YES;
				CLANG_WARN_COMMA = YES;
				CLANG_WARN_CONSTANT_CONVERSION = YES;
				CLANG_WARN_DEPRECATED_OBJC_IMPLEMENTATIONS = YES;
				CLANG_WARN_DIRECT_OBJC_ISA_USAGE = YES_ERROR;
				CLANG_WARN_DOCUMENTATION_COMMENTS = YES;
				CLANG_WARN_EMPTY_BODY = YES;
				CLANG_WARN_ENUM_CONVERSION = YES;
				CLANG_WARN_INFINITE_RECURSION = YES;
				CLANG_WARN_INT_CONVERSION = YES;
				CLANG_WARN_NON_LITERAL_NULL_CONVERSION = YES;
				CLANG_WARN_OBJC_IMPLICIT_RETAIN_SELF = YES;
				CLANG_WARN_OBJC_LITERAL_CONVERSION = YES;
				CLANG_WARN_OBJC_ROOT_CLASS = YES_ERROR;
				CLANG_WARN_QUOTED_INCLUDE_IN_FRAMEWORK_HEADER = YES;
				CLANG_WARN_RANGE_LOOP_ANALYSIS = YES;
				CLANG_WARN_STRICT_PROTOTYPES = YES;
				CLANG_WARN_SUSPICIOUS_MOVE = YES;
				CLANG_WARN_UNGUARDED_AVAILABILITY = YES_AGGRESSIVE;
				CLANG_WARN_UNREACHABLE_CODE = YES;
				CLANG_WARN__DUPLICATE_METHOD_MATCH = YES;
				COPY_PHASE_STRIP = NO;
				DEBUG_INFORMATION_FORMAT = "dwarf-with-dsym";
				ENABLE_NS_ASSERTIONS = NO;
				ENABLE_STRICT_OBJC_MSGSEND = YES;
				ENABLE_USER_SCRIPT_SANDBOXING = YES;
				GCC_C_LANGUAGE_STANDARD = gnu17;
				GCC_NO_COMMON_BLOCKS = YES;
				GCC_WARN_64_TO_32_BIT_CONVERSION = YES;
				GCC_WARN_ABOUT_RETURN_TYPE = YES_ERROR;
				GCC_WARN_UNDECLARED_SELECTOR = YES;
				GCC_WARN_UNINITIALIZED_AUTOS = YES_AGGRESSIVE;
				GCC_WARN_UNUSED_FUNCTION = YES;
				GCC_WARN_UNUSED_VARIABLE = YES;
				IPHONEOS_DEPLOYMENT_TARGET = 17.0;
				LOCALIZATION_PREFERS_STRING_CATALOGS = YES;
				MACOSX_DEPLOYMENT_TARGET = 14.0;
				MTL_ENABLE_DEBUG_INFO = NO;
				MTL_FAST_MATH = YES;
				SWIFT_COMPILATION_MODE = wholemodule;
			};
			name = Release;
		};
		4A8C42BC2A52BA9800446330 /* Debug */ = {
			isa = XCBuildConfiguration;
			buildSettings = {
				ASSETCATALOG_COMPILER_APPICON_NAME = AppIcon;
				ASSETCATALOG_COMPILER_GLOBAL_ACCENT_COLOR_NAME = AccentColor;
				CODE_SIGN_ENTITLEMENTS = StockApp/StockApp.entitlements;
				CODE_SIGN_STYLE = Automatic;
				CURRENT_PROJECT_VERSION = 1;
				DEVELOPMENT_ASSET_PATHS = "\"StockApp/Preview Content\"";
				DEVELOPMENT_TEAM = N65MK7D7BV;
				ENABLE_HARDENED_RUNTIME = YES;
				ENABLE_PREVIEWS = YES;
				GENERATE_INFOPLIST_FILE = YES;
				"INFOPLIST_KEY_UIApplicationSceneManifest_Generation[sdk=iphoneos*]" = YES;
				"INFOPLIST_KEY_UIApplicationSceneManifest_Generation[sdk=iphonesimulator*]" = YES;
				"INFOPLIST_KEY_UIApplicationSupportsIndirectInputEvents[sdk=iphoneos*]" = YES;
				"INFOPLIST_KEY_UIApplicationSupportsIndirectInputEvents[sdk=iphonesimulator*]" = YES;
				"INFOPLIST_KEY_UILaunchScreen_Generation[sdk=iphoneos*]" = YES;
				"INFOPLIST_KEY_UILaunchScreen_Generation[sdk=iphonesimulator*]" = YES;
				"INFOPLIST_KEY_UIStatusBarStyle[sdk=iphoneos*]" = UIStatusBarStyleDefault;
				"INFOPLIST_KEY_UIStatusBarStyle[sdk=iphonesimulator*]" = UIStatusBarStyleDefault;
				INFOPLIST_KEY_UISupportedInterfaceOrientations_iPad = "UIInterfaceOrientationPortrait UIInterfaceOrientationPortraitUpsideDown UIInterfaceOrientationLandscapeLeft UIInterfaceOrientationLandscapeRight";
				INFOPLIST_KEY_UISupportedInterfaceOrientations_iPhone = "UIInterfaceOrientationPortrait UIInterfaceOrientationLandscapeLeft UIInterfaceOrientationLandscapeRight";
				IPHONEOS_DEPLOYMENT_TARGET = 17.0;
				LD_RUNPATH_SEARCH_PATHS = "@executable_path/Frameworks";
				"LD_RUNPATH_SEARCH_PATHS[sdk=macosx*]" = "@executable_path/../Frameworks";
				MACOSX_DEPLOYMENT_TARGET = 14.0;
				MARKETING_VERSION = 1.0;
				PRODUCT_BUNDLE_IDENTIFIER = pizzeStudio.StockApp;
				PRODUCT_NAME = "$(TARGET_NAME)";
				SDKROOT = auto;
				SUPPORTED_PLATFORMS = "iphoneos iphonesimulator macosx";
				SWIFT_EMIT_LOC_STRINGS = YES;
				SWIFT_VERSION = 5.0;
				TARGETED_DEVICE_FAMILY = "1,2";
			};
			name = Debug;
		};
		4A8C42BD2A52BA9800446330 /* Release */ = {
			isa = XCBuildConfiguration;
			buildSettings = {
				ASSETCATALOG_COMPILER_APPICON_NAME = AppIcon;
				ASSETCATALOG_COMPILER_GLOBAL_ACCENT_COLOR_NAME = AccentColor;
				CODE_SIGN_ENTITLEMENTS = StockApp/StockApp.entitlements;
				CODE_SIGN_STYLE = Automatic;
				CURRENT_PROJECT_VERSION = 1;
				DEVELOPMENT_ASSET_PATHS = "\"StockApp/Preview Content\"";
				DEVELOPMENT_TEAM = N65MK7D7BV;
				ENABLE_HARDENED_RUNTIME = YES;
				ENABLE_PREVIEWS = YES;
				GENERATE_INFOPLIST_FILE = YES;
				"INFOPLIST_KEY_UIApplicationSceneManifest_Generation[sdk=iphoneos*]" = YES;
				"INFOPLIST_KEY_UIApplicationSceneManifest_Generation[sdk=iphonesimulator*]" = YES;
				"INFOPLIST_KEY_UIApplicationSupportsIndirectInputEvents[sdk=iphoneos*]" = YES;
				"INFOPLIST_KEY_UIApplicationSupportsIndirectInputEvents[sdk=iphonesimulator*]" = YES;
				"INFOPLIST_KEY_UILaunchScreen_Generation[sdk=iphoneos*]" = YES;
				"INFOPLIST_KEY_UILaunchScreen_Generation[sdk=iphonesimulator*]" = YES;
				"INFOPLIST_KEY_UIStatusBarStyle[sdk=iphoneos*]" = UIStatusBarStyleDefault;
				"INFOPLIST_KEY_UIStatusBarStyle[sdk=iphonesimulator*]" = UIStatusBarStyleDefault;
				INFOPLIST_KEY_UISupportedInterfaceOrientations_iPad = "UIInterfaceOrientationPortrait UIInterfaceOrientationPortraitUpsideDown UIInterfaceOrientationLandscapeLeft UIInterfaceOrientationLandscapeRight";
				INFOPLIST_KEY_UISupportedInterfaceOrientations_iPhone = "UIInterfaceOrientationPortrait UIInterfaceOrientationLandscapeLeft UIInterfaceOrientationLandscapeRight";
				IPHONEOS_DEPLOYMENT_TARGET = 17.0;
				LD_RUNPATH_SEARCH_PATHS = "@executable_path/Frameworks";
				"LD_RUNPATH_SEARCH_PATHS[sdk=macosx*]" = "@executable_path/../Frameworks";
				MACOSX_DEPLOYMENT_TARGET = 14.0;
				MARKETING_VERSION = 1.0;
				PRODUCT_BUNDLE_IDENTIFIER = pizzeStudio.StockApp;
				PRODUCT_NAME = "$(TARGET_NAME)";
				SDKROOT = auto;
				SUPPORTED_PLATFORMS = "iphoneos iphonesimulator macosx";
				SWIFT_EMIT_LOC_STRINGS = YES;
				SWIFT_VERSION = 5.0;
				TARGETED_DEVICE_FAMILY = "1,2";
			};
			name = Release;
		};
/* End XCBuildConfiguration section */

/* Begin XCConfigurationList section */
		4A8C42A52A52BA9500446330 /* Build configuration list for PBXProject "StockApp" */ = {
			isa = XCConfigurationList;
			buildConfigurations = (
				4A8C42B92A52BA9800446330 /* Debug */,
				4A8C42BA2A52BA9800446330 /* Release */,
			);
			defaultConfigurationIsVisible = 0;
			defaultConfigurationName = Release;
		};
		4A8C42BB2A52BA9800446330 /* Build configuration list for PBXNativeTarget "StockApp" */ = {
			isa = XCConfigurationList;
			buildConfigurations = (
				4A8C42BC2A52BA9800446330 /* Debug */,
				4A8C42BD2A52BA9800446330 /* Release */,
			);
			defaultConfigurationIsVisible = 0;
			defaultConfigurationName = Release;
		};
/* End XCConfigurationList section */
	};
	rootObject = 4A8C42A22A52BA9500446330 /* Project object */;
}
